
Microsoft Visual Studio Solution File, Format Version 12.00
# Visual Studio Version 17
VisualStudioVersion = 17.5.33627.172
MinimumVisualStudioVersion = 10.0.40219.1
Project("{FAE04EC0-301F-11D3-BF4B-00C04F79EFBC}") = "Practica_Final", "Practica_Final\Practica_Final.csproj", "{B483C51A-BB27-4B40-B650-9FB78BF4E05D}"
EndProject
Global
	GlobalSection(SolutionConfigurationPlatforms) = preSolution
		Debug|Any CPU = Debug|Any CPU
		Release|Any CPU = Release|Any CPU
	EndGlobalSection
	GlobalSection(ProjectConfigurationPlatforms) = postSolution
		{B483C51A-BB27-4B40-B650-9FB78BF4E05D}.Debug|Any CPU.ActiveCfg = Debug|Any CPU
		{B483C51A-BB27-4B40-B650-9FB78BF4E05D}.Debug|Any CPU.Build.0 = Debug|Any CPU
		{B483C51A-BB27-4B40-B650-9FB78BF4E05D}.Release|Any CPU.ActiveCfg = Release|Any CPU
		{B483C51A-BB27-4B40-B650-9FB78BF4E05D}.Release|Any CPU.Build.0 = Release|Any CPU
	EndGlobalSection
	GlobalSection(SolutionProperties) = preSolution
		HideSolutionNode = FALSE
	EndGlobalSection
	GlobalSection(ExtensibilityGlobals) = postSolution
		SolutionGuid = {14C4A039-2E15-441A-B4AE-3F545659F328}
	EndGlobalSection
EndGlobal
